Microsoft Visual Studio Solution File, Format Version 11.00
# Visual Studio 2008

Project("{6D65E53F-BC40-27B4-345E-1D774CF2A836}") = "Fast Scaler", "Assembly-CSharp.csproj", "{B021709B-3E41-A754-BEDE-C45156BE352E}"
EndProject
Global
	GlobalSection(SolutionConfigurationPlatforms) = preSolution
		Debug|Any CPU = Debug|Any CPU
		Release|Any CPU = Release|Any CPU
	EndGlobalSection
	GlobalSection(ProjectConfigurationPlatforms) = postSolution
		{B021709B-3E41-A754-BEDE-C45156BE352E}.Debug|Any CPU.ActiveCfg = Debug|Any CPU
		{B021709B-3E41-A754-BEDE-C45156BE352E}.Debug|Any CPU.Build.0 = Debug|Any CPU
		{B021709B-3E41-A754-BEDE-C45156BE352E}.Release|Any CPU.ActiveCfg = Release|Any CPU
		{B021709B-3E41-A754-BEDE-C45156BE352E}.Release|Any CPU.Build.0 = Release|Any CPU
	EndGlobalSection
	GlobalSection(SolutionProperties) = preSolution
		HideSolutionNode = FALSE
	EndGlobalSection
	GlobalSection(MonoDevelopProperties) = preSolution
		StartupItem = Assembly-CSharp.csproj
	EndGlobalSection
EndGlobal
