Microsoft Visual Studio Solution File, Format Version 11.00
# Visual Studio 2008

Project("{20DD547B-79E9-C8A0-C23E-FB00AA5286F7}") = "Zapkix", "Assembly-CSharp.csproj", "{2E7A5A02-A7C9-6105-546B-E52AF9D4F4C2}"
EndProject
Global
	GlobalSection(SolutionConfigurationPlatforms) = preSolution
		Debug|Any CPU = Debug|Any CPU
		Release|Any CPU = Release|Any CPU
	EndGlobalSection
	GlobalSection(ProjectConfigurationPlatforms) = postSolution
		{2E7A5A02-A7C9-6105-546B-E52AF9D4F4C2}.Debug|Any CPU.ActiveCfg = Debug|Any CPU
		{2E7A5A02-A7C9-6105-546B-E52AF9D4F4C2}.Debug|Any CPU.Build.0 = Debug|Any CPU
		{2E7A5A02-A7C9-6105-546B-E52AF9D4F4C2}.Release|Any CPU.ActiveCfg = Release|Any CPU
		{2E7A5A02-A7C9-6105-546B-E52AF9D4F4C2}.Release|Any CPU.Build.0 = Release|Any CPU
	EndGlobalSection
	GlobalSection(SolutionProperties) = preSolution
		HideSolutionNode = FALSE
	EndGlobalSection
	GlobalSection(MonoDevelopProperties) = preSolution
		StartupItem = Assembly-CSharp.csproj
	EndGlobalSection
EndGlobal
